// !$*UTF8*$!
{
	archiveVersion = 1;
	classes = {
	};
	objectVersion = 50;
	objects = {

/* Begin PBXBuildFile section */
		398CA09B2673719000D53732 /* AppDelegate.swift in Sources */ = {isa = PBXBuildFile; fileRef = 398CA09A2673719000D53732 /* AppDelegate.swift */; };
		398CA09D2673719000D53732 /* SceneDelegate.swift in Sources */ = {isa = PBXBuildFile; fileRef = 398CA09C2673719000D53732 /* SceneDelegate.swift */; };
		398CA09F2673719000D53732 /* ViewController.swift in Sources */ = {isa = PBXBuildFile; fileRef = 398CA09E2673719000D53732 /* ViewController.swift */; };
		398CA0A22673719000D53732 /* Main.storyboard in Resources */ = {isa = PBXBuildFile; fileRef = 398CA0A02673719000D53732 /* Main.storyboard */; };
		398CA0A42673719200D53732 /* Assets.xcassets in Resources */ = {isa = PBXBuildFile; fileRef = 398CA0A32673719200D53732 /* Assets.xcassets */; };
		398CA0A72673719200D53732 /* LaunchScreen.storyboard in Resources */ = {isa = PBXBuildFile; fileRef = 398CA0A52673719200D53732 /* LaunchScreen.storyboard */; };
		398CA0B0267377F000D53732 /* development-config.plist in Resources */ = {isa = PBXBuildFile; fileRef = 398CA0AF267377F000D53732 /* development-config.plist */; };
		398CA0B4267378AF00D53732 /* uat-config.plist in Resources */ = {isa = PBXBuildFile; fileRef = 398CA0B3267378AF00D53732 /* uat-config.plist */; };
		398CA0B6267378BF00D53732 /* release-config.plist in Resources */ = {isa = PBXBuildFile; fileRef = 398CA0B5267378BF00D53732 /* release-config.plist */; };
		398CA0C52673807600D53732 /* AppEnvironment.swift in Sources */ = {isa = PBXBuildFile; fileRef = 398CA0C42673807600D53732 /* AppEnvironment.swift */; };
/* End PBXBuildFile section */

/* Begin PBXFileReference section */
		398CA0972673719000D53732 /* ProjectHandlingMultipleEnvironments.app */ = {isa = PBXFileReference; explicitFileType = wrapper.application; includeInIndex = 0; path = ProjectHandlingMultipleEnvironments.app; sourceTree = BUILT_PRODUCTS_DIR; };
		398CA09A2673719000D53732 /* AppDelegate.swift */ = {isa = PBXFileReference; lastKnownFileType = sourcecode.swift; path = AppDelegate.swift; sourceTree = "<group>"; };
		398CA09C2673719000D53732 /* SceneDelegate.swift */ = {isa = PBXFileReference; lastKnownFileType = sourcecode.swift; path = SceneDelegate.swift; sourceTree = "<group>"; };
		398CA09E2673719000D53732 /* ViewController.swift */ = {isa = PBXFileReference; lastKnownFileType = sourcecode.swift; path = ViewController.swift; sourceTree = "<group>"; };
		398CA0A12673719000D53732 /* Base */ = {isa = PBXFileReference; lastKnownFileType = file.storyboard; name = Base; path = Base.lproj/Main.storyboard; sourceTree = "<group>"; };
		398CA0A32673719200D53732 /* Assets.xcassets */ = {isa = PBXFileReference; lastKnownFileType = folder.assetcatalog; path = Assets.xcassets; sourceTree = "<group>"; };
		398CA0A62673719200D53732 /* Base */ = {isa = PBXFileReference; lastKnownFileType = file.storyboard; name = Base; path = Base.lproj/LaunchScreen.storyboard; sourceTree = "<group>"; };
		398CA0A82673719200D53732 /* Info.plist */ = {isa = PBXFileReference; lastKnownFileType = text.plist.xml; path = Info.plist; sourceTree = "<group>"; };
		398CA0AF267377F000D53732 /* development-config.plist */ = {isa = PBXFileReference; lastKnownFileType = text.plist.xml; path = "development-config.plist"; sourceTree = "<group>"; };
		398CA0B3267378AF00D53732 /* uat-config.plist */ = {isa = PBXFileReference; lastKnownFileType = text.plist.xml; path = "uat-config.plist"; sourceTree = "<group>"; };
		398CA0B5267378BF00D53732 /* release-config.plist */ = {isa = PBXFileReference; lastKnownFileType = text.plist.xml; path = "release-config.plist"; sourceTree = "<group>"; };
		398CA0B726737A0000D53732 /* AppEnvironment.map */ = {isa = PBXFileReference; fileEncoding = 4; lastKnownFileType = "sourcecode.module-map"; path = AppEnvironment.map; sourceTree = "<group>"; };
		398CA0C42673807600D53732 /* AppEnvironment.swift */ = {isa = PBXFileReference; fileEncoding = 4; lastKnownFileType = sourcecode.swift; path = AppEnvironment.swift; sourceTree = "<group>"; };
/* End PBXFileReference section */

/* Begin PBXFrameworksBuildPhase section */
		398CA0942673719000D53732 /* Frameworks */ = {
			isa = PBXFrameworksBuildPhase;
			buildActionMask = 2147483647;
			files = (
			);
			runOnlyForDeploymentPostprocessing = 0;
		};
/* End PBXFrameworksBuildPhase section */

/* Begin PBXGroup section */
		398CA08E2673718F00D53732 = {
			isa = PBXGroup;
			children = (
				398CA0992673719000D53732 /* ProjectHandlingMultipleEnvironments */,
				398CA0982673719000D53732 /* Products */,
			);
			sourceTree = "<group>";
		};
		398CA0982673719000D53732 /* Products */ = {
			isa = PBXGroup;
			children = (
				398CA0972673719000D53732 /* ProjectHandlingMultipleEnvironments.app */,
			);
			name = Products;
			sourceTree = "<group>";
		};
		398CA0992673719000D53732 /* ProjectHandlingMultipleEnvironments */ = {
			isa = PBXGroup;
			children = (
				398CA0AE2673771500D53732 /* configuration */,
				398CA09A2673719000D53732 /* AppDelegate.swift */,
				398CA09C2673719000D53732 /* SceneDelegate.swift */,
				398CA09E2673719000D53732 /* ViewController.swift */,
				398CA0A02673719000D53732 /* Main.storyboard */,
				398CA0A32673719200D53732 /* Assets.xcassets */,
				398CA0A52673719200D53732 /* LaunchScreen.storyboard */,
				398CA0A82673719200D53732 /* Info.plist */,
			);
			path = ProjectHandlingMultipleEnvironments;
			sourceTree = "<group>";
		};
		398CA0AE2673771500D53732 /* configuration */ = {
			isa = PBXGroup;
			children = (
				398CA0C42673807600D53732 /* AppEnvironment.swift */,
				398CA0B726737A0000D53732 /* AppEnvironment.map */,
				398CA0AF267377F000D53732 /* development-config.plist */,
				398CA0B3267378AF00D53732 /* uat-config.plist */,
				398CA0B5267378BF00D53732 /* release-config.plist */,
			);
			path = configuration;
			sourceTree = SOURCE_ROOT;
		};
/* End PBXGroup section */

/* Begin PBXLegacyTarget section */
		398CA0B826737C0F00D53732 /* development-target */ = {
			isa = PBXLegacyTarget;
			buildArgumentsString = "-p ./configuration/development-config.plist -h ./configuration/AppEnvironment.map -n AppEnvironment -o ./configuration";
			buildConfigurationList = 398CA0B926737C0F00D53732 /* Build configuration list for PBXLegacyTarget "development-target" */;
			buildPhases = (
			);
			buildToolPath = ./configuration/configen;
			buildWorkingDirectory = "";
			dependencies = (
			);
			name = "development-target";
			passBuildSettingsInEnvironment = 1;
			productName = "development-target";
		};
		398CA0BC26737CC600D53732 /* uat-target */ = {
			isa = PBXLegacyTarget;
			buildArgumentsString = "-p ./configuration/uat-config.plist -h ./configuration/AppEnvironment.map -n AppEnvironment -o ./configuration";
			buildConfigurationList = 398CA0BD26737CC600D53732 /* Build configuration list for PBXLegacyTarget "uat-target" */;
			buildPhases = (
			);
			buildToolPath = ./configuration/configen;
			buildWorkingDirectory = "";
			dependencies = (
			);
			name = "uat-target";
			passBuildSettingsInEnvironment = 1;
			productName = "uat-target";
		};
		398CA0C026737CD500D53732 /* release-target */ = {
			isa = PBXLegacyTarget;
			buildArgumentsString = "-p ./configuration/release-config.plist -h ./configuration/AppEnvironment.map -n AppEnvironment -o ./configuration";
			buildConfigurationList = 398CA0C126737CD600D53732 /* Build configuration list for PBXLegacyTarget "release-target" */;
			buildPhases = (
			);
			buildToolPath = ./configuration/configen;
			buildWorkingDirectory = "";
			dependencies = (
			);
			name = "release-target";
			passBuildSettingsInEnvironment = 1;
			productName = "release-target";
		};
/* End PBXLegacyTarget section */

/* Begin PBXNativeTarget section */
		398CA0962673719000D53732 /* ProjectHandlingMultipleEnvironments */ = {
			isa = PBXNativeTarget;
			buildConfigurationList = 398CA0AB2673719200D53732 /* Build configuration list for PBXNativeTarget "ProjectHandlingMultipleEnvironments" */;
			buildPhases = (
				398CA0932673719000D53732 /* Sources */,
				398CA0942673719000D53732 /* Frameworks */,
				398CA0952673719000D53732 /* Resources */,
			);
			buildRules = (
			);
			dependencies = (
			);
			name = ProjectHandlingMultipleEnvironments;
			productName = ProjectHandlingMultipleEnvironments;
			productReference = 398CA0972673719000D53732 /* ProjectHandlingMultipleEnvironments.app */;
			productType = "com.apple.product-type.application";
		};
/* End PBXNativeTarget section */

/* Begin PBXProject section */
		398CA08F2673718F00D53732 /* Project object */ = {
			isa = PBXProject;
			attributes = {
				LastSwiftUpdateCheck = 1250;
				LastUpgradeCheck = 1250;
				TargetAttributes = {
					398CA0962673719000D53732 = {
						CreatedOnToolsVersion = 12.5;
					};
					398CA0B826737C0F00D53732 = {
						CreatedOnToolsVersion = 12.5;
					};
					398CA0BC26737CC600D53732 = {
						CreatedOnToolsVersion = 12.5;
					};
					398CA0C026737CD500D53732 = {
						CreatedOnToolsVersion = 12.5;
					};
				};
			};
			buildConfigurationList = 398CA0922673718F00D53732 /* Build configuration list for PBXProject "ProjectHandlingMultipleEnvironments" */;
			compatibilityVersion = "Xcode 9.3";
			developmentRegion = en;
			hasScannedForEncodings = 0;
			knownRegions = (
				en,
				Base,
			);
			mainGroup = 398CA08E2673718F00D53732;
			productRefGroup = 398CA0982673719000D53732 /* Products */;
			projectDirPath = "";
			projectRoot = "";
			targets = (
				398CA0962673719000D53732 /* ProjectHandlingMultipleEnvironments */,
				398CA0B826737C0F00D53732 /* development-target */,
				398CA0BC26737CC600D53732 /* uat-target */,
				398CA0C026737CD500D53732 /* release-target */,
			);
		};
/* End PBXProject section */

/* Begin PBXResourcesBuildPhase section */
		398CA0952673719000D53732 /* Resources */ = {
			isa = PBXResourcesBuildPhase;
			buildActionMask = 2147483647;
			files = (
				398CA0B6267378BF00D53732 /* release-config.plist in Resources */,
				398CA0B0267377F000D53732 /* development-config.plist in Resources */,
				398CA0A72673719200D53732 /* LaunchScreen.storyboard in Resources */,
				398CA0A42673719200D53732 /* Assets.xcassets in Resources */,
				398CA0B4267378AF00D53732 /* uat-config.plist in Resources */,
				398CA0A22673719000D53732 /* Main.storyboard in Resources */,
			);
			runOnlyForDeploymentPostprocessing = 0;
		};
/* End PBXResourcesBuildPhase section */

/* Begin PBXSourcesBuildPhase section */
		398CA0932673719000D53732 /* Sources */ = {
			isa = PBXSourcesBuildPhase;
			buildActionMask = 2147483647;
			files = (
				398CA09F2673719000D53732 /* ViewController.swift in Sources */,
				398CA0C52673807600D53732 /* AppEnvironment.swift in Sources */,
				398CA09B2673719000D53732 /* AppDelegate.swift in Sources */,
				398CA09D2673719000D53732 /* SceneDelegate.swift in Sources */,
			);
			runOnlyForDeploymentPostprocessing = 0;
		};
/* End PBXSourcesBuildPhase section */

/* Begin PBXVariantGroup section */
		398CA0A02673719000D53732 /* Main.storyboard */ = {
			isa = PBXVariantGroup;
			children = (
				398CA0A12673719000D53732 /* Base */,
			);
			name = Main.storyboard;
			sourceTree = "<group>";
		};
		398CA0A52673719200D53732 /* LaunchScreen.storyboard */ = {
			isa = PBXVariantGroup;
			children = (
				398CA0A62673719200D53732 /* Base */,
			);
			name = LaunchScreen.storyboard;
			sourceTree = "<group>";
		};
/* End PBXVariantGroup section */

/* Begin XCBuildConfiguration section */
		398CA0A92673719200D53732 /* Debug */ = {
			isa = XCBuildConfiguration;
			buildSettings = {
				ALWAYS_SEARCH_USER_PATHS = NO;
				CLANG_ANALYZER_NONNULL = YES;
				CLANG_ANALYZER_NUMBER_OBJECT_CONVERSION = YES_AGGRESSIVE;
				CLANG_CXX_LANGUAGE_STANDARD = "gnu++14";
				CLANG_CXX_LIBRARY = "libc++";
				CLANG_ENABLE_MODULES = YES;
				CLANG_ENABLE_OBJC_ARC = YES;
				CLANG_ENABLE_OBJC_WEAK = YES;
				CLANG_WARN_BLOCK_CAPTURE_AUTORELEASING = YES;
				CLANG_WARN_BOOL_CONVERSION = YES;
				CLANG_WARN_COMMA = YES;
				CLANG_WARN_CONSTANT_CONVERSION = YES;
				CLANG_WARN_DEPRECATED_OBJC_IMPLEMENTATIONS = YES;
				CLANG_WARN_DIRECT_OBJC_ISA_USAGE = YES_ERROR;
				CLANG_WARN_DOCUMENTATION_COMMENTS = YES;
				CLANG_WARN_EMPTY_BODY = YES;
				CLANG_WARN_ENUM_CONVERSION = YES;
				CLANG_WARN_INFINITE_RECURSION = YES;
				CLANG_WARN_INT_CONVERSION = YES;
				CLANG_WARN_NON_LITERAL_NULL_CONVERSION = YES;
				CLANG_WARN_OBJC_IMPLICIT_RETAIN_SELF = YES;
				CLANG_WARN_OBJC_LITERAL_CONVERSION = YES;
				CLANG_WARN_OBJC_ROOT_CLASS = YES_ERROR;
				CLANG_WARN_QUOTED_INCLUDE_IN_FRAMEWORK_HEADER = YES;
				CLANG_WARN_RANGE_LOOP_ANALYSIS = YES;
				CLANG_WARN_STRICT_PROTOTYPES = YES;
				CLANG_WARN_SUSPICIOUS_MOVE = YES;
				CLANG_WARN_UNGUARDED_AVAILABILITY = YES_AGGRESSIVE;
				CLANG_WARN_UNREACHABLE_CODE = YES;
				CLANG_WARN__DUPLICATE_METHOD_MATCH = YES;
				COPY_PHASE_STRIP = NO;
				DEBUG_INFORMATION_FORMAT = dwarf;
				ENABLE_STRICT_OBJC_MSGSEND = YES;
				ENABLE_TESTABILITY = YES;
				GCC_C_LANGUAGE_STANDARD = gnu11;
				GCC_DYNAMIC_NO_PIC = NO;
				GCC_NO_COMMON_BLOCKS = YES;
				GCC_OPTIMIZATION_LEVEL = 0;
				GCC_PREPROCESSOR_DEFINITIONS = (
					"DEBUG=1",
					"$(inherited)",
				);
				GCC_WARN_64_TO_32_BIT_CONVERSION = YES;
				GCC_WARN_ABOUT_RETURN_TYPE = YES_ERROR;
				GCC_WARN_UNDECLARED_SELECTOR = YES;
				GCC_WARN_UNINITIALIZED_AUTOS = YES_AGGRESSIVE;
				GCC_WARN_UNUSED_FUNCTION = YES;
				GCC_WARN_UNUSED_VARIABLE = YES;
				IPHONEOS_DEPLOYMENT_TARGET = 14.5;
				MTL_ENABLE_DEBUG_INFO = INCLUDE_SOURCE;
				MTL_FAST_MATH = YES;
				ONLY_ACTIVE_ARCH = YES;
				SDKROOT = iphoneos;
				SWIFT_ACTIVE_COMPILATION_CONDITIONS = DEBUG;
				SWIFT_OPTIMIZATION_LEVEL = "-Onone";
			};
			name = Debug;
		};
		398CA0AA2673719200D53732 /* Release */ = {
			isa = XCBuildConfiguration;
			buildSettings = {
				ALWAYS_SEARCH_USER_PATHS = NO;
				CLANG_ANALYZER_NONNULL = YES;
				CLANG_ANALYZER_NUMBER_OBJECT_CONVERSION = YES_AGGRESSIVE;
				CLANG_CXX_LANGUAGE_STANDARD = "gnu++14";
				CLANG_CXX_LIBRARY = "libc++";
				CLANG_ENABLE_MODULES = YES;
				CLANG_ENABLE_OBJC_ARC = YES;
				CLANG_ENABLE_OBJC_WEAK = YES;
				CLANG_WARN_BLOCK_CAPTURE_AUTORELEASING = YES;
				CLANG_WARN_BOOL_CONVERSION = YES;
				CLANG_WARN_COMMA = YES;
				CLANG_WARN_CONSTANT_CONVERSION = YES;
				CLANG_WARN_DEPRECATED_OBJC_IMPLEMENTATIONS = YES;
				CLANG_WARN_DIRECT_OBJC_ISA_USAGE = YES_ERROR;
				CLANG_WARN_DOCUMENTATION_COMMENTS = YES;
				CLANG_WARN_EMPTY_BODY = YES;
				CLANG_WARN_ENUM_CONVERSION = YES;
				CLANG_WARN_INFINITE_RECURSION = YES;
				CLANG_WARN_INT_CONVERSION = YES;
				CLANG_WARN_NON_LITERAL_NULL_CONVERSION = YES;
				CLANG_WARN_OBJC_IMPLICIT_RETAIN_SELF = YES;
				CLANG_WARN_OBJC_LITERAL_CONVERSION = YES;
				CLANG_WARN_OBJC_ROOT_CLASS = YES_ERROR;
				CLANG_WARN_QUOTED_INCLUDE_IN_FRAMEWORK_HEADER = YES;
				CLANG_WARN_RANGE_LOOP_ANALYSIS = YES;
				CLANG_WARN_STRICT_PROTOTYPES = YES;
				CLANG_WARN_SUSPICIOUS_MOVE = YES;
				CLANG_WARN_UNGUARDED_AVAILABILITY = YES_AGGRESSIVE;
				CLANG_WARN_UNREACHABLE_CODE = YES;
				CLANG_WARN__DUPLICATE_METHOD_MATCH = YES;
				COPY_PHASE_STRIP = NO;
				DEBUG_INFORMATION_FORMAT = "dwarf-with-dsym";
				ENABLE_NS_ASSERTIONS = NO;
				ENABLE_STRICT_OBJC_MSGSEND = YES;
				GCC_C_LANGUAGE_STANDARD = gnu11;
				GCC_NO_COMMON_BLOCKS = YES;
				GCC_WARN_64_TO_32_BIT_CONVERSION = YES;
				GCC_WARN_ABOUT_RETURN_TYPE = YES_ERROR;
				GCC_WARN_UNDECLARED_SELECTOR = YES;
				GCC_WARN_UNINITIALIZED_AUTOS = YES_AGGRESSIVE;
				GCC_WARN_UNUSED_FUNCTION = YES;
				GCC_WARN_UNUSED_VARIABLE = YES;
				IPHONEOS_DEPLOYMENT_TARGET = 14.5;
				MTL_ENABLE_DEBUG_INFO = NO;
				MTL_FAST_MATH = YES;
				SDKROOT = iphoneos;
				SWIFT_COMPILATION_MODE = wholemodule;
				SWIFT_OPTIMIZATION_LEVEL = "-O";
				VALIDATE_PRODUCT = YES;
			};
			name = Release;
		};
		398CA0AC2673719200D53732 /* Debug */ = {
			isa = XCBuildConfiguration;
			buildSettings = {
				ASSETCATALOG_COMPILER_APPICON_NAME = AppIcon;
				ASSETCATALOG_COMPILER_GLOBAL_ACCENT_COLOR_NAME = AccentColor;
				CODE_SIGN_STYLE = Automatic;
				DEVELOPMENT_TEAM = VHXHHCVH76;
				INFOPLIST_FILE = ProjectHandlingMultipleEnvironments/Info.plist;
				LD_RUNPATH_SEARCH_PATHS = (
					"$(inherited)",
					"@executable_path/Frameworks",
				);
				PRODUCT_BUNDLE_IDENTIFIER = com.ProjectHandlingMultipleEnvironments;
				PRODUCT_NAME = "$(TARGET_NAME)";
				SWIFT_VERSION = 5.0;
				TARGETED_DEVICE_FAMILY = "1,2";
			};
			name = Debug;
		};
		398CA0AD2673719200D53732 /* Release */ = {
			isa = XCBuildConfiguration;
			buildSettings = {
				ASSETCATALOG_COMPILER_APPICON_NAME = AppIcon;
				ASSETCATALOG_COMPILER_GLOBAL_ACCENT_COLOR_NAME = AccentColor;
				CODE_SIGN_STYLE = Automatic;
				DEVELOPMENT_TEAM = VHXHHCVH76;
				INFOPLIST_FILE = ProjectHandlingMultipleEnvironments/Info.plist;
				LD_RUNPATH_SEARCH_PATHS = (
					"$(inherited)",
					"@executable_path/Frameworks",
				);
				PRODUCT_BUNDLE_IDENTIFIER = com.ProjectHandlingMultipleEnvironments;
				PRODUCT_NAME = "$(TARGET_NAME)";
				SWIFT_VERSION = 5.0;
				TARGETED_DEVICE_FAMILY = "1,2";
			};
			name = Release;
		};
		398CA0BA26737C0F00D53732 /* Debug */ = {
			isa = XCBuildConfiguration;
			buildSettings = {
				CODE_SIGN_STYLE = Automatic;
				DEBUGGING_SYMBOLS = YES;
				DEBUG_INFORMATION_FORMAT = dwarf;
				DEVELOPMENT_TEAM = VHXHHCVH76;
				GCC_GENERATE_DEBUGGING_SYMBOLS = YES;
				GCC_OPTIMIZATION_LEVEL = 0;
				OTHER_CFLAGS = "";
				OTHER_LDFLAGS = "";
				PRODUCT_NAME = "$(TARGET_NAME)";
			};
			name = Debug;
		};
		398CA0BB26737C0F00D53732 /* Release */ = {
			isa = XCBuildConfiguration;
			buildSettings = {
				CODE_SIGN_STYLE = Automatic;
				DEBUG_INFORMATION_FORMAT = "dwarf-with-dsym";
				DEVELOPMENT_TEAM = VHXHHCVH76;
				OTHER_CFLAGS = "";
				OTHER_LDFLAGS = "";
				PRODUCT_NAME = "$(TARGET_NAME)";
			};
			name = Release;
		};
		398CA0BE26737CC600D53732 /* Debug */ = {
			isa = XCBuildConfiguration;
			buildSettings = {
				CODE_SIGN_STYLE = Automatic;
				DEBUGGING_SYMBOLS = YES;
				DEBUG_INFORMATION_FORMAT = dwarf;
				DEVELOPMENT_TEAM = VHXHHCVH76;
				GCC_GENERATE_DEBUGGING_SYMBOLS = YES;
				GCC_OPTIMIZATION_LEVEL = 0;
				OTHER_CFLAGS = "";
				OTHER_LDFLAGS = "";
				PRODUCT_NAME = "$(TARGET_NAME)";
			};
			name = Debug;
		};
		398CA0BF26737CC600D53732 /* Release */ = {
			isa = XCBuildConfiguration;
			buildSettings = {
				CODE_SIGN_STYLE = Automatic;
				DEBUG_INFORMATION_FORMAT = "dwarf-with-dsym";
				DEVELOPMENT_TEAM = VHXHHCVH76;
				OTHER_CFLAGS = "";
				OTHER_LDFLAGS = "";
				PRODUCT_NAME = "$(TARGET_NAME)";
			};
			name = Release;
		};
		398CA0C226737CD600D53732 /* Debug */ = {
			isa = XCBuildConfiguration;
			buildSettings = {
				CODE_SIGN_STYLE = Automatic;
				DEBUGGING_SYMBOLS = YES;
				DEBUG_INFORMATION_FORMAT = dwarf;
				DEVELOPMENT_TEAM = VHXHHCVH76;
				GCC_GENERATE_DEBUGGING_SYMBOLS = YES;
				GCC_OPTIMIZATION_LEVEL = 0;
				OTHER_CFLAGS = "";
				OTHER_LDFLAGS = "";
				PRODUCT_NAME = "$(TARGET_NAME)";
			};
			name = Debug;
		};
		398CA0C326737CD600D53732 /* Release */ = {
			isa = XCBuildConfiguration;
			buildSettings = {
				CODE_SIGN_STYLE = Automatic;
				DEBUG_INFORMATION_FORMAT = "dwarf-with-dsym";
				DEVELOPMENT_TEAM = VHXHHCVH76;
				OTHER_CFLAGS = "";
				OTHER_LDFLAGS = "";
				PRODUCT_NAME = "$(TARGET_NAME)";
			};
			name = Release;
		};
/* End XCBuildConfiguration section */

/* Begin XCConfigurationList section */
		398CA0922673718F00D53732 /* Build configuration list for PBXProject "ProjectHandlingMultipleEnvironments" */ = {
			isa = XCConfigurationList;
			buildConfigurations = (
				398CA0A92673719200D53732 /* Debug */,
				398CA0AA2673719200D53732 /* Release */,
			);
			defaultConfigurationIsVisible = 0;
			defaultConfigurationName = Release;
		};
		398CA0AB2673719200D53732 /* Build configuration list for PBXNativeTarget "ProjectHandlingMultipleEnvironments" */ = {
			isa = XCConfigurationList;
			buildConfigurations = (
				398CA0AC2673719200D53732 /* Debug */,
				398CA0AD2673719200D53732 /* Release */,
			);
			defaultConfigurationIsVisible = 0;
			defaultConfigurationName = Release;
		};
		398CA0B926737C0F00D53732 /* Build configuration list for PBXLegacyTarget "development-target" */ = {
			isa = XCConfigurationList;
			buildConfigurations = (
				398CA0BA26737C0F00D53732 /* Debug */,
				398CA0BB26737C0F00D53732 /* Release */,
			);
			defaultConfigurationIsVisible = 0;
			defaultConfigurationName = Release;
		};
		398CA0BD26737CC600D53732 /* Build configuration list for PBXLegacyTarget "uat-target" */ = {
			isa = XCConfigurationList;
			buildConfigurations = (
				398CA0BE26737CC600D53732 /* Debug */,
				398CA0BF26737CC600D53732 /* Release */,
			);
			defaultConfigurationIsVisible = 0;
			defaultConfigurationName = Release;
		};
		398CA0C126737CD600D53732 /* Build configuration list for PBXLegacyTarget "release-target" */ = {
			isa = XCConfigurationList;
			buildConfigurations = (
				398CA0C226737CD600D53732 /* Debug */,
				398CA0C326737CD600D53732 /* Release */,
			);
			defaultConfigurationIsVisible = 0;
			defaultConfigurationName = Release;
		};
/* End XCConfigurationList section */
	};
	rootObject = 398CA08F2673718F00D53732 /* Project object */;
}
